
Microsoft Visual Studio Solution File, Format Version 12.00
# Visual Studio Version 17
VisualStudioVersion = 17.13.35617.110
MinimumVisualStudioVersion = 10.0.40219.1
Project("{FAE04EC0-301F-11D3-BF4B-00C04F79EFBC}") = "taskk4", "..\taskk4\taskk4\taskk4.csproj", "{29D08121-B6E2-460B-9FD5-758D9D71D978}"
EndProject
Global
	GlobalSection(SolutionConfigurationPlatforms) = preSolution
		Debug|Any CPU = Debug|Any CPU
		Release|Any CPU = Release|Any CPU
	EndGlobalSection
	GlobalSection(ProjectConfigurationPlatforms) = postSolution
		{29D08121-B6E2-460B-9FD5-758D9D71D978}.Debug|Any CPU.ActiveCfg = Debug|Any CPU
		{29D08121-B6E2-460B-9FD5-758D9D71D978}.Debug|Any CPU.Build.0 = Debug|Any CPU
		{29D08121-B6E2-460B-9FD5-758D9D71D978}.Release|Any CPU.ActiveCfg = Release|Any CPU
		{29D08121-B6E2-460B-9FD5-758D9D71D978}.Release|Any CPU.Build.0 = Release|Any CPU
	EndGlobalSection
	GlobalSection(SolutionProperties) = preSolution
		HideSolutionNode = FALSE
	EndGlobalSection
	GlobalSection(ExtensibilityGlobals) = postSolution
		SolutionGuid = {DA2C72F4-493B-411D-8CFD-0CD15E6FDBE9}
	EndGlobalSection
EndGlobal
